
Microsoft Visual Studio Solution File, Format Version 12.00
# Visual Studio Version 17
VisualStudioVersion = 17.11.35327.3
MinimumVisualStudioVersion = 10.0.40219.1
Project("{2150E333-8FDC-42A3-9474-1A3956D46DE8}") = "ApiGateway", "ApiGateway", "{6B69577C-6A58-49E7-8528-9D3F2F73F5BB}"
EndProject
Project("{9A19103F-16F7-4668-BE54-9A1E7A4F7556}") = "ApiGateway", "ApiGateway\ApiGateway.csproj", "{314E43DC-C110-4286-8921-346BED8D4B2B}"
EndProject
Project("{2150E333-8FDC-42A3-9474-1A3956D46DE8}") = "Posts", "Posts", "{8575D830-E65F-4FC5-A14F-F44CD3E7FAC6}"
EndProject
Project("{2150E333-8FDC-42A3-9474-1A3956D46DE8}") = "Users", "Users", "{02F03C51-0643-4A10-97D3-626571391BF4}"
EndProject
Project("{9A19103F-16F7-4668-BE54-9A1E7A4F7556}") = "Users.Api", "Users.Api\Users.Api.csproj", "{A43FB75B-AF3A-41D5-ABB5-1CE27443A133}"
EndProject
Project("{9A19103F-16F7-4668-BE54-9A1E7A4F7556}") = "Posts.Api", "Posts.Api\Posts.Api.csproj", "{A91159B0-8407-4474-8E63-B3B4B35DD17C}"
EndProject
Project("{2150E333-8FDC-42A3-9474-1A3956D46DE8}") = "Auth", "Auth", "{51E9FF57-A772-44F9-9493-296739694404}"
EndProject
Project("{9A19103F-16F7-4668-BE54-9A1E7A4F7556}") = "Auth.Api", "Auth.Api\Auth.Api.csproj", "{DD2DCD73-E3C5-4715-A02D-9E17E3FE39C2}"
EndProject
Project("{2150E333-8FDC-42A3-9474-1A3956D46DE8}") = "Aspire", "Aspire", "{A27BBCDD-8A68-4F87-BABB-DBB48D846B5E}"
EndProject
Project("{9A19103F-16F7-4668-BE54-9A1E7A4F7556}") = "App.Aspire.AppHost", "App.Aspire\App.Aspire.AppHost\App.Aspire.AppHost.csproj", "{6332D52A-A182-4634-BFC1-517E118F2C66}"
EndProject
Project("{9A19103F-16F7-4668-BE54-9A1E7A4F7556}") = "App.Aspire.ServiceDefaults", "App.Aspire\App.Aspire.ServiceDefaults\App.Aspire.ServiceDefaults.csproj", "{63079DBE-A92D-4032-9938-E6509E3D0BFB}"
EndProject
Project("{2150E333-8FDC-42A3-9474-1A3956D46DE8}") = "Shared", "Shared", "{9E7811D4-B91F-4619-9FD8-B1FCFE8FD60C}"
EndProject
Project("{FAE04EC0-301F-11D3-BF4B-00C04F79EFBC}") = "Shared", "Shared\Shared.csproj", "{FAC93B46-4207-4ED0-B53E-804D6723BB80}"
EndProject
Global
	GlobalSection(SolutionConfigurationPlatforms) = preSolution
		Debug|Any CPU = Debug|Any CPU
		Release|Any CPU = Release|Any CPU
	EndGlobalSection
	GlobalSection(ProjectConfigurationPlatforms) = postSolution
		{314E43DC-C110-4286-8921-346BED8D4B2B}.Debug|Any CPU.ActiveCfg = Debug|Any CPU
		{314E43DC-C110-4286-8921-346BED8D4B2B}.Debug|Any CPU.Build.0 = Debug|Any CPU
		{314E43DC-C110-4286-8921-346BED8D4B2B}.Release|Any CPU.ActiveCfg = Release|Any CPU
		{314E43DC-C110-4286-8921-346BED8D4B2B}.Release|Any CPU.Build.0 = Release|Any CPU
		{A43FB75B-AF3A-41D5-ABB5-1CE27443A133}.Debug|Any CPU.ActiveCfg = Debug|Any CPU
		{A43FB75B-AF3A-41D5-ABB5-1CE27443A133}.Debug|Any CPU.Build.0 = Debug|Any CPU
		{A43FB75B-AF3A-41D5-ABB5-1CE27443A133}.Release|Any CPU.ActiveCfg = Release|Any CPU
		{A43FB75B-AF3A-41D5-ABB5-1CE27443A133}.Release|Any CPU.Build.0 = Release|Any CPU
		{A91159B0-8407-4474-8E63-B3B4B35DD17C}.Debug|Any CPU.ActiveCfg = Debug|Any CPU
		{A91159B0-8407-4474-8E63-B3B4B35DD17C}.Debug|Any CPU.Build.0 = Debug|Any CPU
		{A91159B0-8407-4474-8E63-B3B4B35DD17C}.Release|Any CPU.ActiveCfg = Release|Any CPU
		{A91159B0-8407-4474-8E63-B3B4B35DD17C}.Release|Any CPU.Build.0 = Release|Any CPU
		{DD2DCD73-E3C5-4715-A02D-9E17E3FE39C2}.Debug|Any CPU.ActiveCfg = Debug|Any CPU
		{DD2DCD73-E3C5-4715-A02D-9E17E3FE39C2}.Debug|Any CPU.Build.0 = Debug|Any CPU
		{DD2DCD73-E3C5-4715-A02D-9E17E3FE39C2}.Release|Any CPU.ActiveCfg = Release|Any CPU
		{DD2DCD73-E3C5-4715-A02D-9E17E3FE39C2}.Release|Any CPU.Build.0 = Release|Any CPU
		{6332D52A-A182-4634-BFC1-517E118F2C66}.Debug|Any CPU.ActiveCfg = Debug|Any CPU
		{6332D52A-A182-4634-BFC1-517E118F2C66}.Debug|Any CPU.Build.0 = Debug|Any CPU
		{6332D52A-A182-4634-BFC1-517E118F2C66}.Release|Any CPU.ActiveCfg = Release|Any CPU
		{6332D52A-A182-4634-BFC1-517E118F2C66}.Release|Any CPU.Build.0 = Release|Any CPU
		{63079DBE-A92D-4032-9938-E6509E3D0BFB}.Debug|Any CPU.ActiveCfg = Debug|Any CPU
		{63079DBE-A92D-4032-9938-E6509E3D0BFB}.Debug|Any CPU.Build.0 = Debug|Any CPU
		{63079DBE-A92D-4032-9938-E6509E3D0BFB}.Release|Any CPU.ActiveCfg = Release|Any CPU
		{63079DBE-A92D-4032-9938-E6509E3D0BFB}.Release|Any CPU.Build.0 = Release|Any CPU
		{FAC93B46-4207-4ED0-B53E-804D6723BB80}.Debug|Any CPU.ActiveCfg = Debug|Any CPU
		{FAC93B46-4207-4ED0-B53E-804D6723BB80}.Debug|Any CPU.Build.0 = Debug|Any CPU
		{FAC93B46-4207-4ED0-B53E-804D6723BB80}.Release|Any CPU.ActiveCfg = Release|Any CPU
		{FAC93B46-4207-4ED0-B53E-804D6723BB80}.Release|Any CPU.Build.0 = Release|Any CPU
	EndGlobalSection
	GlobalSection(SolutionProperties) = preSolution
		HideSolutionNode = FALSE
	EndGlobalSection
	GlobalSection(NestedProjects) = preSolution
		{314E43DC-C110-4286-8921-346BED8D4B2B} = {6B69577C-6A58-49E7-8528-9D3F2F73F5BB}
		{A43FB75B-AF3A-41D5-ABB5-1CE27443A133} = {02F03C51-0643-4A10-97D3-626571391BF4}
		{A91159B0-8407-4474-8E63-B3B4B35DD17C} = {8575D830-E65F-4FC5-A14F-F44CD3E7FAC6}
		{DD2DCD73-E3C5-4715-A02D-9E17E3FE39C2} = {51E9FF57-A772-44F9-9493-296739694404}
		{6332D52A-A182-4634-BFC1-517E118F2C66} = {A27BBCDD-8A68-4F87-BABB-DBB48D846B5E}
		{63079DBE-A92D-4032-9938-E6509E3D0BFB} = {A27BBCDD-8A68-4F87-BABB-DBB48D846B5E}
		{FAC93B46-4207-4ED0-B53E-804D6723BB80} = {9E7811D4-B91F-4619-9FD8-B1FCFE8FD60C}
	EndGlobalSection
	GlobalSection(ExtensibilityGlobals) = postSolution
		SolutionGuid = {3FEEAB5A-45B7-495E-8BD5-F0F6913FBC1F}
	EndGlobalSection
EndGlobal
